
Microsoft Visual Studio Solution File, Format Version 12.00
# Visual Studio Version 17
VisualStudioVersion = 17.13.35913.81 d17.13
MinimumVisualStudioVersion = 10.0.40219.1
Project("{FAE04EC0-301F-11D3-BF4B-00C04F79EFBC}") = "Activity16", "Activity16\Activity16.csproj", "{49827518-1BDE-4AC6-B981-CF37C9FC41F7}"
EndProject
Global
	GlobalSection(SolutionConfigurationPlatforms) = preSolution
		Debug|Any CPU = Debug|Any CPU
		Release|Any CPU = Release|Any CPU
	EndGlobalSection
	GlobalSection(ProjectConfigurationPlatforms) = postSolution
		{49827518-1BDE-4AC6-B981-CF37C9FC41F7}.Debug|Any CPU.ActiveCfg = Debug|Any CPU
		{49827518-1BDE-4AC6-B981-CF37C9FC41F7}.Debug|Any CPU.Build.0 = Debug|Any CPU
		{49827518-1BDE-4AC6-B981-CF37C9FC41F7}.Release|Any CPU.ActiveCfg = Release|Any CPU
		{49827518-1BDE-4AC6-B981-CF37C9FC41F7}.Release|Any CPU.Build.0 = Release|Any CPU
	EndGlobalSection
	GlobalSection(SolutionProperties) = preSolution
		HideSolutionNode = FALSE
	EndGlobalSection
	GlobalSection(ExtensibilityGlobals) = postSolution
		SolutionGuid = {51CB1FEC-B0BA-41A8-AAF7-33D284CF1B90}
	EndGlobalSection
EndGlobal
